
Microsoft Visual Studio Solution File, Format Version 12.00
# Visual Studio 2012
Project("{FAE04EC0-301F-11D3-BF4B-00C04F79EFBC}") = "CodePreviewHandler", "CodePreviewHandler.csproj", "{2B886813-EC35-476B-B14C-BC6F0459BEC6}"
EndProject
Project("{54435603-DBB4-11D2-8724-00A0C9A8B90C}") = "CodePreviewHandlerSetup", "..\CodePreviewHandlerSetup\CodePreviewHandlerSetup.vdproj", "{DB602A44-DA9F-448C-B0DE-F0468296A641}"
EndProject
Global
	GlobalSection(SolutionConfigurationPlatforms) = preSolution
		Debug|Any CPU = Debug|Any CPU
		Release|Any CPU = Release|Any CPU
	EndGlobalSection
	GlobalSection(ProjectConfigurationPlatforms) = postSolution
		{2B886813-EC35-476B-B14C-BC6F0459BEC6}.Debug|Any CPU.ActiveCfg = Debug|Any CPU
		{2B886813-EC35-476B-B14C-BC6F0459BEC6}.Debug|Any CPU.Build.0 = Debug|Any CPU
		{2B886813-EC35-476B-B14C-BC6F0459BEC6}.Release|Any CPU.ActiveCfg = Release|Any CPU
		{2B886813-EC35-476B-B14C-BC6F0459BEC6}.Release|Any CPU.Build.0 = Release|Any CPU
		{DB602A44-DA9F-448C-B0DE-F0468296A641}.Debug|Any CPU.ActiveCfg = Debug
		{DB602A44-DA9F-448C-B0DE-F0468296A641}.Debug|Any CPU.Build.0 = Debug
		{DB602A44-DA9F-448C-B0DE-F0468296A641}.Release|Any CPU.ActiveCfg = Release
		{DB602A44-DA9F-448C-B0DE-F0468296A641}.Release|Any CPU.Build.0 = Release
	EndGlobalSection
	GlobalSection(SolutionProperties) = preSolution
		HideSolutionNode = FALSE
	EndGlobalSection
EndGlobal
